{
  "originHash" : "9797125d491eb3738edf3035755f701715fc8684ee549022a49cf4860c033095",
  "pins" : [
    {
      "identity" : "lottie-spm",
      "kind" : "remoteSourceControl",
      "location" : "https://github.com/airbnb/lottie-spm.git",
      "state" : {
        "revision" : "04f2fd18cc9404a0a0917265a449002674f24ec9",
        "version" : "4.5.2"
      }
    },
    {
      "identity" : "voyager",
      "kind" : "remoteSourceControl",
      "location" : "https://github.com/bryan-vh/Voyager.git",
      "state" : {
        "revision" : "bdc75946f21efb27bf068012ef395c7f2c305da9",
        "version" : "1.3.0"
      }
    }
  ],
  "version" : 3
}
